// !$*UTF8*$!
{
	archiveVersion = 1;
	classes = {
	};
	objectVersion = 56;
	objects = {

/* Begin PBXBuildFile section */
		A1F2B9A72A6D8D62000A938F /* VoyageAtlasApp.swift in Sources */ = {isa = PBXBuildFile; fileRef = A1F2B9A62A6D8D62000A938F /* VoyageAtlasApp.swift */; };
		A1F2B9A92A6D8D62000A938F /* ContentView.swift in Sources */ = {isa = PBXBuildFile; fileRef = A1F2B9A82A6D8D62000A938F /* ContentView.swift */; };
		A1F2B9AB2A6D8D65000A938F /* Assets.xcassets in Resources */ = {isa = PBXBuildFile; fileRef = A1F2B9AA2A6D8D65000A938F /* Assets.xcassets */; };
		A1F2B9AE2A6D8D65000A938F /* Preview Assets.xcassets in Resources */ = {isa = PBXBuildFile; fileRef = A1F2B9AD2A6D8D65000A938F /* Preview Assets.xcassets */; };
		A1F2B9B82A6D8D65000A938F /* VoyageAtlasTests.swift in Sources */ = {isa = PBXBuildFile; fileRef = A1F2B9B72A6D8D65000A938F /* VoyageAtlasTests.swift */; };
		A1F2B9C22A6D8D65000A938F /* VoyageAtlasUITests.swift in Sources */ = {isa = PBXBuildFile; fileRef = A1F2B9C12A6D8D65000A938F /* VoyageAtlasUITests.swift */; };
		A1F2B9C42A6D8D65000A938F /* VoyageAtlasUITestsLaunchTests.swift in Sources */ = {isa = PBXBuildFile; fileRef = A1F2B9C32A6D8D65000A938F /* VoyageAtlasUITestsLaunchTests.swift */; };
		A1F2B9D12A6D9132000A938F /* ProfileView.swift in Sources */ = {isa = PBXBuildFile; fileRef = A1F2B9D02A6D9132000A938F /* ProfileView.swift */; };
		A1F2B9D32A6D918C000A938F /* ProfilePicture.swift in Sources */ = {isa = PBXBuildFile; fileRef = A1F2B9D22A6D918C000A938F /* ProfilePicture.swift */; };
		A1F2B9D52A6D94DD000A938F /* PostView.swift in Sources */ = {isa = PBXBuildFile; fileRef = A1F2B9D42A6D94DD000A938F /* PostView.swift */; };
		A1F2B9D72A6DC25E000A938F /* PostListView.swift in Sources */ = {isa = PBXBuildFile; fileRef = A1F2B9D62A6DC25E000A938F /* PostListView.swift */; };
		A1F356F62A6E9F0900EE2BD0 /* LoginView.swift in Sources */ = {isa = PBXBuildFile; fileRef = A1F356F52A6E9F0900EE2BD0 /* LoginView.swift */; };
/* End PBXBuildFile section */

/* Begin PBXContainerItemProxy section */
		A1F2B9B42A6D8D65000A938F /* PBXContainerItemProxy */ = {
			isa = PBXContainerItemProxy;
			containerPortal = A1F2B99B2A6D8D62000A938F /* Project object */;
			proxyType = 1;
			remoteGlobalIDString = A1F2B9A22A6D8D62000A938F;
			remoteInfo = VoyageAtlas;
		};
		A1F2B9BE2A6D8D65000A938F /* PBXContainerItemProxy */ = {
			isa = PBXContainerItemProxy;
			containerPortal = A1F2B99B2A6D8D62000A938F /* Project object */;
			proxyType = 1;
			remoteGlobalIDString = A1F2B9A22A6D8D62000A938F;
			remoteInfo = VoyageAtlas;
		};
/* End PBXContainerItemProxy section */

/* Begin PBXFileReference section */
		A1F2B9A32A6D8D62000A938F /* VoyageAtlas.app */ = {isa = PBXFileReference; explicitFileType = wrapper.application; includeInIndex = 0; path = VoyageAtlas.app; sourceTree = BUILT_PRODUCTS_DIR; };
		A1F2B9A62A6D8D62000A938F /* VoyageAtlasApp.swift */ = {isa = PBXFileReference; lastKnownFileType = sourcecode.swift; path = VoyageAtlasApp.swift; sourceTree = "<group>"; };
		A1F2B9A82A6D8D62000A938F /* ContentView.swift */ = {isa = PBXFileReference; lastKnownFileType = sourcecode.swift; path = ContentView.swift; sourceTree = "<group>"; };
		A1F2B9AA2A6D8D65000A938F /* Assets.xcassets */ = {isa = PBXFileReference; lastKnownFileType = folder.assetcatalog; path = Assets.xcassets; sourceTree = "<group>"; };
		A1F2B9AD2A6D8D65000A938F /* Preview Assets.xcassets */ = {isa = PBXFileReference; lastKnownFileType = folder.assetcatalog; path = "Preview Assets.xcassets"; sourceTree = "<group>"; };
		A1F2B9B32A6D8D65000A938F /* VoyageAtlasTests.xctest */ = {isa = PBXFileReference; explicitFileType = wrapper.cfbundle; includeInIndex = 0; path = VoyageAtlasTests.xctest; sourceTree = BUILT_PRODUCTS_DIR; };
		A1F2B9B72A6D8D65000A938F /* VoyageAtlasTests.swift */ = {isa = PBXFileReference; lastKnownFileType = sourcecode.swift; path = VoyageAtlasTests.swift; sourceTree = "<group>"; };
		A1F2B9BD2A6D8D65000A938F /* VoyageAtlasUITests.xctest */ = {isa = PBXFileReference; explicitFileType = wrapper.cfbundle; includeInIndex = 0; path = VoyageAtlasUITests.xctest; sourceTree = BUILT_PRODUCTS_DIR; };
		A1F2B9C12A6D8D65000A938F /* VoyageAtlasUITests.swift */ = {isa = PBXFileReference; lastKnownFileType = sourcecode.swift; path = VoyageAtlasUITests.swift; sourceTree = "<group>"; };
		A1F2B9C32A6D8D65000A938F /* VoyageAtlasUITestsLaunchTests.swift */ = {isa = PBXFileReference; lastKnownFileType = sourcecode.swift; path = VoyageAtlasUITestsLaunchTests.swift; sourceTree = "<group>"; };
		A1F2B9D02A6D9132000A938F /* ProfileView.swift */ = {isa = PBXFileReference; lastKnownFileType = sourcecode.swift; path = ProfileView.swift; sourceTree = "<group>"; };
		A1F2B9D22A6D918C000A938F /* ProfilePicture.swift */ = {isa = PBXFileReference; lastKnownFileType = sourcecode.swift; path = ProfilePicture.swift; sourceTree = "<group>"; };
		A1F2B9D42A6D94DD000A938F /* PostView.swift */ = {isa = PBXFileReference; lastKnownFileType = sourcecode.swift; path = PostView.swift; sourceTree = "<group>"; };
		A1F2B9D62A6DC25E000A938F /* PostListView.swift */ = {isa = PBXFileReference; lastKnownFileType = sourcecode.swift; path = PostListView.swift; sourceTree = "<group>"; };
		A1F356F52A6E9F0900EE2BD0 /* LoginView.swift */ = {isa = PBXFileReference; lastKnownFileType = sourcecode.swift; path = LoginView.swift; sourceTree = "<group>"; };
/* End PBXFileReference section */

/* Begin PBXFrameworksBuildPhase section */
		A1F2B9A02A6D8D62000A938F /* Frameworks */ = {
			isa = PBXFrameworksBuildPhase;
			buildActionMask = 2147483647;
			files = (
			);
			runOnlyForDeploymentPostprocessing = 0;
		};
		A1F2B9B02A6D8D65000A938F /* Frameworks */ = {
			isa = PBXFrameworksBuildPhase;
			buildActionMask = 2147483647;
			files = (
			);
			runOnlyForDeploymentPostprocessing = 0;
		};
		A1F2B9BA2A6D8D65000A938F /* Frameworks */ = {
			isa = PBXFrameworksBuildPhase;
			buildActionMask = 2147483647;
			files = (
			);
			runOnlyForDeploymentPostprocessing = 0;
		};
/* End PBXFrameworksBuildPhase section */

/* Begin PBXGroup section */
		A1F2B99A2A6D8D62000A938F = {
			isa = PBXGroup;
			children = (
				A1F2B9A52A6D8D62000A938F /* VoyageAtlas */,
				A1F2B9B62A6D8D65000A938F /* VoyageAtlasTests */,
				A1F2B9C02A6D8D65000A938F /* VoyageAtlasUITests */,
				A1F2B9A42A6D8D62000A938F /* Products */,
			);
			sourceTree = "<group>";
		};
		A1F2B9A42A6D8D62000A938F /* Products */ = {
			isa = PBXGroup;
			children = (
				A1F2B9A32A6D8D62000A938F /* VoyageAtlas.app */,
				A1F2B9B32A6D8D65000A938F /* VoyageAtlasTests.xctest */,
				A1F2B9BD2A6D8D65000A938F /* VoyageAtlasUITests.xctest */,
			);
			name = Products;
			sourceTree = "<group>";
		};
		A1F2B9A52A6D8D62000A938F /* VoyageAtlas */ = {
			isa = PBXGroup;
			children = (
				A1F356F42A6E9EEC00EE2BD0 /* Auth */,
				A1F2B9A62A6D8D62000A938F /* VoyageAtlasApp.swift */,
				A1F2B9A82A6D8D62000A938F /* ContentView.swift */,
				A1F2B9D02A6D9132000A938F /* ProfileView.swift */,
				A1F2B9D62A6DC25E000A938F /* PostListView.swift */,
				A1F2B9D42A6D94DD000A938F /* PostView.swift */,
				A1F2B9D22A6D918C000A938F /* ProfilePicture.swift */,
				A1F2B9AA2A6D8D65000A938F /* Assets.xcassets */,
				A1F2B9AC2A6D8D65000A938F /* Preview Content */,
			);
			path = VoyageAtlas;
			sourceTree = "<group>";
		};
		A1F2B9AC2A6D8D65000A938F /* Preview Content */ = {
			isa = PBXGroup;
			children = (
				A1F2B9AD2A6D8D65000A938F /* Preview Assets.xcassets */,
			);
			path = "Preview Content";
			sourceTree = "<group>";
		};
		A1F2B9B62A6D8D65000A938F /* VoyageAtlasTests */ = {
			isa = PBXGroup;
			children = (
				A1F2B9B72A6D8D65000A938F /* VoyageAtlasTests.swift */,
			);
			path = VoyageAtlasTests;
			sourceTree = "<group>";
		};
		A1F2B9C02A6D8D65000A938F /* VoyageAtlasUITests */ = {
			isa = PBXGroup;
			children = (
				A1F2B9C12A6D8D65000A938F /* VoyageAtlasUITests.swift */,
				A1F2B9C32A6D8D65000A938F /* VoyageAtlasUITestsLaunchTests.swift */,
			);
			path = VoyageAtlasUITests;
			sourceTree = "<group>";
		};
		A1F356F42A6E9EEC00EE2BD0 /* Auth */ = {
			isa = PBXGroup;
			children = (
				A1F356F52A6E9F0900EE2BD0 /* LoginView.swift */,
			);
			path = Auth;
			sourceTree = "<group>";
		};
/* End PBXGroup section */

/* Begin PBXNativeTarget section */
		A1F2B9A22A6D8D62000A938F /* VoyageAtlas */ = {
			isa = PBXNativeTarget;
			buildConfigurationList = A1F2B9C72A6D8D65000A938F /* Build configuration list for PBXNativeTarget "VoyageAtlas" */;
			buildPhases = (
				A1F2B99F2A6D8D62000A938F /* Sources */,
				A1F2B9A02A6D8D62000A938F /* Frameworks */,
				A1F2B9A12A6D8D62000A938F /* Resources */,
			);
			buildRules = (
			);
			dependencies = (
			);
			name = VoyageAtlas;
			productName = VoyageAtlas;
			productReference = A1F2B9A32A6D8D62000A938F /* VoyageAtlas.app */;
			productType = "com.apple.product-type.application";
		};
		A1F2B9B22A6D8D65000A938F /* VoyageAtlasTests */ = {
			isa = PBXNativeTarget;
			buildConfigurationList = A1F2B9CA2A6D8D65000A938F /* Build configuration list for PBXNativeTarget "VoyageAtlasTests" */;
			buildPhases = (
				A1F2B9AF2A6D8D65000A938F /* Sources */,
				A1F2B9B02A6D8D65000A938F /* Frameworks */,
				A1F2B9B12A6D8D65000A938F /* Resources */,
			);
			buildRules = (
			);
			dependencies = (
				A1F2B9B52A6D8D65000A938F /* PBXTargetDependency */,
			);
			name = VoyageAtlasTests;
			productName = VoyageAtlasTests;
			productReference = A1F2B9B32A6D8D65000A938F /* VoyageAtlasTests.xctest */;
			productType = "com.apple.product-type.bundle.unit-test";
		};
		A1F2B9BC2A6D8D65000A938F /* VoyageAtlasUITests */ = {
			isa = PBXNativeTarget;
			buildConfigurationList = A1F2B9CD2A6D8D65000A938F /* Build configuration list for PBXNativeTarget "VoyageAtlasUITests" */;
			buildPhases = (
				A1F2B9B92A6D8D65000A938F /* Sources */,
				A1F2B9BA2A6D8D65000A938F /* Frameworks */,
				A1F2B9BB2A6D8D65000A938F /* Resources */,
			);
			buildRules = (
			);
			dependencies = (
				A1F2B9BF2A6D8D65000A938F /* PBXTargetDependency */,
			);
			name = VoyageAtlasUITests;
			productName = VoyageAtlasUITests;
			productReference = A1F2B9BD2A6D8D65000A938F /* VoyageAtlasUITests.xctest */;
			productType = "com.apple.product-type.bundle.ui-testing";
		};
/* End PBXNativeTarget section */

/* Begin PBXProject section */
		A1F2B99B2A6D8D62000A938F /* Project object */ = {
			isa = PBXProject;
			attributes = {
				BuildIndependentTargetsInParallel = 1;
				LastSwiftUpdateCheck = 1430;
				LastUpgradeCheck = 1430;
				TargetAttributes = {
					A1F2B9A22A6D8D62000A938F = {
						CreatedOnToolsVersion = 14.3.1;
					};
					A1F2B9B22A6D8D65000A938F = {
						CreatedOnToolsVersion = 14.3.1;
						TestTargetID = A1F2B9A22A6D8D62000A938F;
					};
					A1F2B9BC2A6D8D65000A938F = {
						CreatedOnToolsVersion = 14.3.1;
						TestTargetID = A1F2B9A22A6D8D62000A938F;
					};
				};
			};
			buildConfigurationList = A1F2B99E2A6D8D62000A938F /* Build configuration list for PBXProject "VoyageAtlas" */;
			compatibilityVersion = "Xcode 14.0";
			developmentRegion = en;
			hasScannedForEncodings = 0;
			knownRegions = (
				en,
				Base,
			);
			mainGroup = A1F2B99A2A6D8D62000A938F;
			productRefGroup = A1F2B9A42A6D8D62000A938F /* Products */;
			projectDirPath = "";
			projectRoot = "";
			targets = (
				A1F2B9A22A6D8D62000A938F /* VoyageAtlas */,
				A1F2B9B22A6D8D65000A938F /* VoyageAtlasTests */,
				A1F2B9BC2A6D8D65000A938F /* VoyageAtlasUITests */,
			);
		};
/* End PBXProject section */

/* Begin PBXResourcesBuildPhase section */
		A1F2B9A12A6D8D62000A938F /* Resources */ = {
			isa = PBXResourcesBuildPhase;
			buildActionMask = 2147483647;
			files = (
				A1F2B9AE2A6D8D65000A938F /* Preview Assets.xcassets in Resources */,
				A1F2B9AB2A6D8D65000A938F /* Assets.xcassets in Resources */,
			);
			runOnlyForDeploymentPostprocessing = 0;
		};
		A1F2B9B12A6D8D65000A938F /* Resources */ = {
			isa = PBXResourcesBuildPhase;
			buildActionMask = 2147483647;
			files = (
			);
			runOnlyForDeploymentPostprocessing = 0;
		};
		A1F2B9BB2A6D8D65000A938F /* Resources */ = {
			isa = PBXResourcesBuildPhase;
			buildActionMask = 2147483647;
			files = (
			);
			runOnlyForDeploymentPostprocessing = 0;
		};
/* End PBXResourcesBuildPhase section */

/* Begin PBXSourcesBuildPhase section */
		A1F2B99F2A6D8D62000A938F /* Sources */ = {
			isa = PBXSourcesBuildPhase;
			buildActionMask = 2147483647;
			files = (
				A1F2B9D32A6D918C000A938F /* ProfilePicture.swift in Sources */,
				A1F356F62A6E9F0900EE2BD0 /* LoginView.swift in Sources */,
				A1F2B9A92A6D8D62000A938F /* ContentView.swift in Sources */,
				A1F2B9D12A6D9132000A938F /* ProfileView.swift in Sources */,
				A1F2B9D52A6D94DD000A938F /* PostView.swift in Sources */,
				A1F2B9D72A6DC25E000A938F /* PostListView.swift in Sources */,
				A1F2B9A72A6D8D62000A938F /* VoyageAtlasApp.swift in Sources */,
			);
			runOnlyForDeploymentPostprocessing = 0;
		};
		A1F2B9AF2A6D8D65000A938F /* Sources */ = {
			isa = PBXSourcesBuildPhase;
			buildActionMask = 2147483647;
			files = (
				A1F2B9B82A6D8D65000A938F /* VoyageAtlasTests.swift in Sources */,
			);
			runOnlyForDeploymentPostprocessing = 0;
		};
		A1F2B9B92A6D8D65000A938F /* Sources */ = {
			isa = PBXSourcesBuildPhase;
			buildActionMask = 2147483647;
			files = (
				A1F2B9C22A6D8D65000A938F /* VoyageAtlasUITests.swift in Sources */,
				A1F2B9C42A6D8D65000A938F /* VoyageAtlasUITestsLaunchTests.swift in Sources */,
			);
			runOnlyForDeploymentPostprocessing = 0;
		};
/* End PBXSourcesBuildPhase section */

/* Begin PBXTargetDependency section */
		A1F2B9B52A6D8D65000A938F /* PBXTargetDependency */ = {
			isa = PBXTargetDependency;
			target = A1F2B9A22A6D8D62000A938F /* VoyageAtlas */;
			targetProxy = A1F2B9B42A6D8D65000A938F /* PBXContainerItemProxy */;
		};
		A1F2B9BF2A6D8D65000A938F /* PBXTargetDependency */ = {
			isa = PBXTargetDependency;
			target = A1F2B9A22A6D8D62000A938F /* VoyageAtlas */;
			targetProxy = A1F2B9BE2A6D8D65000A938F /* PBXContainerItemProxy */;
		};
/* End PBXTargetDependency section */

/* Begin XCBuildConfiguration section */
		A1F2B9C52A6D8D65000A938F /* Debug */ = {
			isa = XCBuildConfiguration;
			buildSettings = {
				ALWAYS_SEARCH_USER_PATHS = NO;
				CLANG_ANALYZER_NONNULL = YES;
				CLANG_ANALYZER_NUMBER_OBJECT_CONVERSION = YES_AGGRESSIVE;
				CLANG_CXX_LANGUAGE_STANDARD = "gnu++20";
				CLANG_ENABLE_MODULES = YES;
				CLANG_ENABLE_OBJC_ARC = YES;
				CLANG_ENABLE_OBJC_WEAK = YES;
				CLANG_WARN_BLOCK_CAPTURE_AUTORELEASING = YES;
				CLANG_WARN_BOOL_CONVERSION = YES;
				CLANG_WARN_COMMA = YES;
				CLANG_WARN_CONSTANT_CONVERSION = YES;
				CLANG_WARN_DEPRECATED_OBJC_IMPLEMENTATIONS = YES;
				CLANG_WARN_DIRECT_OBJC_ISA_USAGE = YES_ERROR;
				CLANG_WARN_DOCUMENTATION_COMMENTS = YES;
				CLANG_WARN_EMPTY_BODY = YES;
				CLANG_WARN_ENUM_CONVERSION = YES;
				CLANG_WARN_INFINITE_RECURSION = YES;
				CLANG_WARN_INT_CONVERSION = YES;
				CLANG_WARN_NON_LITERAL_NULL_CONVERSION = YES;
				CLANG_WARN_OBJC_IMPLICIT_RETAIN_SELF = YES;
				CLANG_WARN_OBJC_LITERAL_CONVERSION = YES;
				CLANG_WARN_OBJC_ROOT_CLASS = YES_ERROR;
				CLANG_WARN_QUOTED_INCLUDE_IN_FRAMEWORK_HEADER = YES;
				CLANG_WARN_RANGE_LOOP_ANALYSIS = YES;
				CLANG_WARN_STRICT_PROTOTYPES = YES;
				CLANG_WARN_SUSPICIOUS_MOVE = YES;
				CLANG_WARN_UNGUARDED_AVAILABILITY = YES_AGGRESSIVE;
				CLANG_WARN_UNREACHABLE_CODE = YES;
				CLANG_WARN__DUPLICATE_METHOD_MATCH = YES;
				COPY_PHASE_STRIP = NO;
				DEBUG_INFORMATION_FORMAT = dwarf;
				ENABLE_STRICT_OBJC_MSGSEND = YES;
				ENABLE_TESTABILITY = YES;
				GCC_C_LANGUAGE_STANDARD = gnu11;
				GCC_DYNAMIC_NO_PIC = NO;
				GCC_NO_COMMON_BLOCKS = YES;
				GCC_OPTIMIZATION_LEVEL = 0;
				GCC_PREPROCESSOR_DEFINITIONS = (
					"DEBUG=1",
					"$(inherited)",
				);
				GCC_WARN_64_TO_32_BIT_CONVERSION = YES;
				GCC_WARN_ABOUT_RETURN_TYPE = YES_ERROR;
				GCC_WARN_UNDECLARED_SELECTOR = YES;
				GCC_WARN_UNINITIALIZED_AUTOS = YES_AGGRESSIVE;
				GCC_WARN_UNUSED_FUNCTION = YES;
				GCC_WARN_UNUSED_VARIABLE = YES;
				IPHONEOS_DEPLOYMENT_TARGET = 16.4;
				MTL_ENABLE_DEBUG_INFO = INCLUDE_SOURCE;
				MTL_FAST_MATH = YES;
				ONLY_ACTIVE_ARCH = YES;
				SDKROOT = iphoneos;
				SWIFT_ACTIVE_COMPILATION_CONDITIONS = DEBUG;
				SWIFT_OPTIMIZATION_LEVEL = "-Onone";
			};
			name = Debug;
		};
		A1F2B9C62A6D8D65000A938F /* Release */ = {
			isa = XCBuildConfiguration;
			buildSettings = {
				ALWAYS_SEARCH_USER_PATHS = NO;
				CLANG_ANALYZER_NONNULL = YES;
				CLANG_ANALYZER_NUMBER_OBJECT_CONVERSION = YES_AGGRESSIVE;
				CLANG_CXX_LANGUAGE_STANDARD = "gnu++20";
				CLANG_ENABLE_MODULES = YES;
				CLANG_ENABLE_OBJC_ARC = YES;
				CLANG_ENABLE_OBJC_WEAK = YES;
				CLANG_WARN_BLOCK_CAPTURE_AUTORELEASING = YES;
				CLANG_WARN_BOOL_CONVERSION = YES;
				CLANG_WARN_COMMA = YES;
				CLANG_WARN_CONSTANT_CONVERSION = YES;
				CLANG_WARN_DEPRECATED_OBJC_IMPLEMENTATIONS = YES;
				CLANG_WARN_DIRECT_OBJC_ISA_USAGE = YES_ERROR;
				CLANG_WARN_DOCUMENTATION_COMMENTS = YES;
				CLANG_WARN_EMPTY_BODY = YES;
				CLANG_WARN_ENUM_CONVERSION = YES;
				CLANG_WARN_INFINITE_RECURSION = YES;
				CLANG_WARN_INT_CONVERSION = YES;
				CLANG_WARN_NON_LITERAL_NULL_CONVERSION = YES;
				CLANG_WARN_OBJC_IMPLICIT_RETAIN_SELF = YES;
				CLANG_WARN_OBJC_LITERAL_CONVERSION = YES;
				CLANG_WARN_OBJC_ROOT_CLASS = YES_ERROR;
				CLANG_WARN_QUOTED_INCLUDE_IN_FRAMEWORK_HEADER = YES;
				CLANG_WARN_RANGE_LOOP_ANALYSIS = YES;
				CLANG_WARN_STRICT_PROTOTYPES = YES;
				CLANG_WARN_SUSPICIOUS_MOVE = YES;
				CLANG_WARN_UNGUARDED_AVAILABILITY = YES_AGGRESSIVE;
				CLANG_WARN_UNREACHABLE_CODE = YES;
				CLANG_WARN__DUPLICATE_METHOD_MATCH = YES;
				COPY_PHASE_STRIP = NO;
				DEBUG_INFORMATION_FORMAT = "dwarf-with-dsym";
				ENABLE_NS_ASSERTIONS = NO;
				ENABLE_STRICT_OBJC_MSGSEND = YES;
				GCC_C_LANGUAGE_STANDARD = gnu11;
				GCC_NO_COMMON_BLOCKS = YES;
				GCC_WARN_64_TO_32_BIT_CONVERSION = YES;
				GCC_WARN_ABOUT_RETURN_TYPE = YES_ERROR;
				GCC_WARN_UNDECLARED_SELECTOR = YES;
				GCC_WARN_UNINITIALIZED_AUTOS = YES_AGGRESSIVE;
				GCC_WARN_UNUSED_FUNCTION = YES;
				GCC_WARN_UNUSED_VARIABLE = YES;
				IPHONEOS_DEPLOYMENT_TARGET = 16.4;
				MTL_ENABLE_DEBUG_INFO = NO;
				MTL_FAST_MATH = YES;
				SDKROOT = iphoneos;
				SWIFT_COMPILATION_MODE = wholemodule;
				SWIFT_OPTIMIZATION_LEVEL = "-O";
				VALIDATE_PRODUCT = YES;
			};
			name = Release;
		};
		A1F2B9C82A6D8D65000A938F /* Debug */ = {
			isa = XCBuildConfiguration;
			buildSettings = {
				ASSETCATALOG_COMPILER_APPICON_NAME = AppIcon;
				ASSETCATALOG_COMPILER_GLOBAL_ACCENT_COLOR_NAME = AccentColor;
				CODE_SIGN_STYLE = Automatic;
				CURRENT_PROJECT_VERSION = 1;
				DEVELOPMENT_ASSET_PATHS = "\"VoyageAtlas/Preview Content\"";
				DEVELOPMENT_TEAM = DN566RNG45;
				ENABLE_PREVIEWS = YES;
				GENERATE_INFOPLIST_FILE = YES;
				INFOPLIST_KEY_UIApplicationSceneManifest_Generation = YES;
				INFOPLIST_KEY_UIApplicationSupportsIndirectInputEvents = YES;
				INFOPLIST_KEY_UILaunchScreen_Generation = YES;
				INFOPLIST_KEY_UISupportedInterfaceOrientations_iPad = "UIInterfaceOrientationPortrait UIInterfaceOrientationPortraitUpsideDown UIInterfaceOrientationLandscapeLeft UIInterfaceOrientationLandscapeRight";
				INFOPLIST_KEY_UISupportedInterfaceOrientations_iPhone = "UIInterfaceOrientationPortrait UIInterfaceOrientationLandscapeLeft UIInterfaceOrientationLandscapeRight";
				LD_RUNPATH_SEARCH_PATHS = (
					"$(inherited)",
					"@executable_path/Frameworks",
				);
				MARKETING_VERSION = 1.0;
				PRODUCT_BUNDLE_IDENTIFIER = VoyageApp.VoyageAtlas;
				PRODUCT_NAME = "$(TARGET_NAME)";
				SWIFT_EMIT_LOC_STRINGS = YES;
				SWIFT_VERSION = 5.0;
				TARGETED_DEVICE_FAMILY = "1,2";
			};
			name = Debug;
		};
		A1F2B9C92A6D8D65000A938F /* Release */ = {
			isa = XCBuildConfiguration;
			buildSettings = {
				ASSETCATALOG_COMPILER_APPICON_NAME = AppIcon;
				ASSETCATALOG_COMPILER_GLOBAL_ACCENT_COLOR_NAME = AccentColor;
				CODE_SIGN_STYLE = Automatic;
				CURRENT_PROJECT_VERSION = 1;
				DEVELOPMENT_ASSET_PATHS = "\"VoyageAtlas/Preview Content\"";
				DEVELOPMENT_TEAM = DN566RNG45;
				ENABLE_PREVIEWS = YES;
				GENERATE_INFOPLIST_FILE = YES;
				INFOPLIST_KEY_UIApplicationSceneManifest_Generation = YES;
				INFOPLIST_KEY_UIApplicationSupportsIndirectInputEvents = YES;
				INFOPLIST_KEY_UILaunchScreen_Generation = YES;
				INFOPLIST_KEY_UISupportedInterfaceOrientations_iPad = "UIInterfaceOrientationPortrait UIInterfaceOrientationPortraitUpsideDown UIInterfaceOrientationLandscapeLeft UIInterfaceOrientationLandscapeRight";
				INFOPLIST_KEY_UISupportedInterfaceOrientations_iPhone = "UIInterfaceOrientationPortrait UIInterfaceOrientationLandscapeLeft UIInterfaceOrientationLandscapeRight";
				LD_RUNPATH_SEARCH_PATHS = (
					"$(inherited)",
					"@executable_path/Frameworks",
				);
				MARKETING_VERSION = 1.0;
				PRODUCT_BUNDLE_IDENTIFIER = VoyageApp.VoyageAtlas;
				PRODUCT_NAME = "$(TARGET_NAME)";
				SWIFT_EMIT_LOC_STRINGS = YES;
				SWIFT_VERSION = 5.0;
				TARGETED_DEVICE_FAMILY = "1,2";
			};
			name = Release;
		};
		A1F2B9CB2A6D8D65000A938F /* Debug */ = {
			isa = XCBuildConfiguration;
			buildSettings = {
				ALWAYS_EMBED_SWIFT_STANDARD_LIBRARIES = YES;
				BUNDLE_LOADER = "$(TEST_HOST)";
				CODE_SIGN_STYLE = Automatic;
				CURRENT_PROJECT_VERSION = 1;
				DEVELOPMENT_TEAM = DN566RNG45;
				GENERATE_INFOPLIST_FILE = YES;
				IPHONEOS_DEPLOYMENT_TARGET = 16.4;
				MARKETING_VERSION = 1.0;
				PRODUCT_BUNDLE_IDENTIFIER = VoyageApp.VoyageAtlasTests;
				PRODUCT_NAME = "$(TARGET_NAME)";
				SWIFT_EMIT_LOC_STRINGS = NO;
				SWIFT_VERSION = 5.0;
				TARGETED_DEVICE_FAMILY = "1,2";
				TEST_HOST = "$(BUILT_PRODUCTS_DIR)/VoyageAtlas.app/$(BUNDLE_EXECUTABLE_FOLDER_PATH)/VoyageAtlas";
			};
			name = Debug;
		};
		A1F2B9CC2A6D8D65000A938F /* Release */ = {
			isa = XCBuildConfiguration;
			buildSettings = {
				ALWAYS_EMBED_SWIFT_STANDARD_LIBRARIES = YES;
				BUNDLE_LOADER = "$(TEST_HOST)";
				CODE_SIGN_STYLE = Automatic;
				CURRENT_PROJECT_VERSION = 1;
				DEVELOPMENT_TEAM = DN566RNG45;
				GENERATE_INFOPLIST_FILE = YES;
				IPHONEOS_DEPLOYMENT_TARGET = 16.4;
				MARKETING_VERSION = 1.0;
				PRODUCT_BUNDLE_IDENTIFIER = VoyageApp.VoyageAtlasTests;
				PRODUCT_NAME = "$(TARGET_NAME)";
				SWIFT_EMIT_LOC_STRINGS = NO;
				SWIFT_VERSION = 5.0;
				TARGETED_DEVICE_FAMILY = "1,2";
				TEST_HOST = "$(BUILT_PRODUCTS_DIR)/VoyageAtlas.app/$(BUNDLE_EXECUTABLE_FOLDER_PATH)/VoyageAtlas";
			};
			name = Release;
		};
		A1F2B9CE2A6D8D65000A938F /* Debug */ = {
			isa = XCBuildConfiguration;
			buildSettings = {
				ALWAYS_EMBED_SWIFT_STANDARD_LIBRARIES = YES;
				CODE_SIGN_STYLE = Automatic;
				CURRENT_PROJECT_VERSION = 1;
				DEVELOPMENT_TEAM = DN566RNG45;
				GENERATE_INFOPLIST_FILE = YES;
				MARKETING_VERSION = 1.0;
				PRODUCT_BUNDLE_IDENTIFIER = VoyageApp.VoyageAtlasUITests;
				PRODUCT_NAME = "$(TARGET_NAME)";
				SWIFT_EMIT_LOC_STRINGS = NO;
				SWIFT_VERSION = 5.0;
				TARGETED_DEVICE_FAMILY = "1,2";
				TEST_TARGET_NAME = VoyageAtlas;
			};
			name = Debug;
		};
		A1F2B9CF2A6D8D65000A938F /* Release */ = {
			isa = XCBuildConfiguration;
			buildSettings = {
				ALWAYS_EMBED_SWIFT_STANDARD_LIBRARIES = YES;
				CODE_SIGN_STYLE = Automatic;
				CURRENT_PROJECT_VERSION = 1;
				DEVELOPMENT_TEAM = DN566RNG45;
				GENERATE_INFOPLIST_FILE = YES;
				MARKETING_VERSION = 1.0;
				PRODUCT_BUNDLE_IDENTIFIER = VoyageApp.VoyageAtlasUITests;
				PRODUCT_NAME = "$(TARGET_NAME)";
				SWIFT_EMIT_LOC_STRINGS = NO;
				SWIFT_VERSION = 5.0;
				TARGETED_DEVICE_FAMILY = "1,2";
				TEST_TARGET_NAME = VoyageAtlas;
			};
			name = Release;
		};
/* End XCBuildConfiguration section */

/* Begin XCConfigurationList section */
		A1F2B99E2A6D8D62000A938F /* Build configuration list for PBXProject "VoyageAtlas" */ = {
			isa = XCConfigurationList;
			buildConfigurations = (
				A1F2B9C52A6D8D65000A938F /* Debug */,
				A1F2B9C62A6D8D65000A938F /* Release */,
			);
			defaultConfigurationIsVisible = 0;
			defaultConfigurationName = Release;
		};
		A1F2B9C72A6D8D65000A938F /* Build configuration list for PBXNativeTarget "VoyageAtlas" */ = {
			isa = XCConfigurationList;
			buildConfigurations = (
				A1F2B9C82A6D8D65000A938F /* Debug */,
				A1F2B9C92A6D8D65000A938F /* Release */,
			);
			defaultConfigurationIsVisible = 0;
			defaultConfigurationName = Release;
		};
		A1F2B9CA2A6D8D65000A938F /* Build configuration list for PBXNativeTarget "VoyageAtlasTests" */ = {
			isa = XCConfigurationList;
			buildConfigurations = (
				A1F2B9CB2A6D8D65000A938F /* Debug */,
				A1F2B9CC2A6D8D65000A938F /* Release */,
			);
			defaultConfigurationIsVisible = 0;
			defaultConfigurationName = Release;
		};
		A1F2B9CD2A6D8D65000A938F /* Build configuration list for PBXNativeTarget "VoyageAtlasUITests" */ = {
			isa = XCConfigurationList;
			buildConfigurations = (
				A1F2B9CE2A6D8D65000A938F /* Debug */,
				A1F2B9CF2A6D8D65000A938F /* Release */,
			);
			defaultConfigurationIsVisible = 0;
			defaultConfigurationName = Release;
		};
/* End XCConfigurationList section */
	};
	rootObject = A1F2B99B2A6D8D62000A938F /* Project object */;
}
